
Microsoft Visual Studio Solution File, Format Version 12.00
# Visual Studio Version 17
VisualStudioVersion = 17.8.34309.116
MinimumVisualStudioVersion = 10.0.40219.1
Project("{FAE04EC0-301F-11D3-BF4B-00C04F79EFBC}") = "GiaoDien_HCSR04", "GiaoDien_HCSR04.csproj", "{740AD72F-A442-4086-A6FF-D096A80F16CC}"
EndProject
Global
	GlobalSection(SolutionConfigurationPlatforms) = preSolution
		Debug|Any CPU = Debug|Any CPU
		Release|Any CPU = Release|Any CPU
	EndGlobalSection
	GlobalSection(ProjectConfigurationPlatforms) = postSolution
		{740AD72F-A442-4086-A6FF-D096A80F16CC}.Debug|Any CPU.ActiveCfg = Debug|Any CPU
		{740AD72F-A442-4086-A6FF-D096A80F16CC}.Debug|Any CPU.Build.0 = Debug|Any CPU
		{740AD72F-A442-4086-A6FF-D096A80F16CC}.Release|Any CPU.ActiveCfg = Release|Any CPU
		{740AD72F-A442-4086-A6FF-D096A80F16CC}.Release|Any CPU.Build.0 = Release|Any CPU
	EndGlobalSection
	GlobalSection(SolutionProperties) = preSolution
		HideSolutionNode = FALSE
	EndGlobalSection
	GlobalSection(ExtensibilityGlobals) = postSolution
		SolutionGuid = {0E41B03A-AD1F-43DE-A250-6F46EA3BDA2D}
	EndGlobalSection
EndGlobal
